// !$*UTF8*$!
{
	archiveVersion = 1;
	classes = {
	};
	objectVersion = 46;
	objects = {

/* Begin PBXBuildFile section */
		FAEA00E21D80271500F49E42 /* AppDelegate.swift in Sources */ = {isa = PBXBuildFile; fileRef = FAEA00E11D80271500F49E42 /* AppDelegate.swift */; };
		FAEA00E41D80271500F49E42 /* RecordAudioViewController.swift in Sources */ = {isa = PBXBuildFile; fileRef = FAEA00E31D80271500F49E42 /* RecordAudioViewController.swift */; };
		FAEA00E71D80271500F49E42 /* Main.storyboard in Resources */ = {isa = PBXBuildFile; fileRef = FAEA00E51D80271500F49E42 /* Main.storyboard */; };
		FAEA00E91D80271500F49E42 /* Assets.xcassets in Resources */ = {isa = PBXBuildFile; fileRef = FAEA00E81D80271500F49E42 /* Assets.xcassets */; };
		FAEA00EC1D80271500F49E42 /* LaunchScreen.storyboard in Resources */ = {isa = PBXBuildFile; fileRef = FAEA00EA1D80271500F49E42 /* LaunchScreen.storyboard */; };
		FAEA00F41D802A5800F49E42 /* PlaySoundsViewController.swift in Sources */ = {isa = PBXBuildFile; fileRef = FAEA00F31D802A5800F49E42 /* PlaySoundsViewController.swift */; };
		FAEA00F61D8036D700F49E42 /* PlaySoundsViewController+Audio.swift in Sources */ = {isa = PBXBuildFile; fileRef = FAEA00F51D8036D700F49E42 /* PlaySoundsViewController+Audio.swift */; };
/* End PBXBuildFile section */

/* Begin PBXFileReference section */
		FAEA00DE1D80271500F49E42 /* Pitchify.app */ = {isa = PBXFileReference; explicitFileType = wrapper.application; includeInIndex = 0; path = Pitchify.app; sourceTree = BUILT_PRODUCTS_DIR; };
		FAEA00E11D80271500F49E42 /* AppDelegate.swift */ = {isa = PBXFileReference; lastKnownFileType = sourcecode.swift; path = AppDelegate.swift; sourceTree = "<group>"; };
		FAEA00E31D80271500F49E42 /* RecordAudioViewController.swift */ = {isa = PBXFileReference; lastKnownFileType = sourcecode.swift; path = RecordAudioViewController.swift; sourceTree = "<group>"; };
		FAEA00E61D80271500F49E42 /* Base */ = {isa = PBXFileReference; lastKnownFileType = file.storyboard; name = Base; path = Base.lproj/Main.storyboard; sourceTree = "<group>"; };
		FAEA00E81D80271500F49E42 /* Assets.xcassets */ = {isa = PBXFileReference; lastKnownFileType = folder.assetcatalog; path = Assets.xcassets; sourceTree = "<group>"; };
		FAEA00EB1D80271500F49E42 /* Base */ = {isa = PBXFileReference; lastKnownFileType = file.storyboard; name = Base; path = Base.lproj/LaunchScreen.storyboard; sourceTree = "<group>"; };
		FAEA00ED1D80271500F49E42 /* Info.plist */ = {isa = PBXFileReference; lastKnownFileType = text.plist.xml; path = Info.plist; sourceTree = "<group>"; };
		FAEA00F31D802A5800F49E42 /* PlaySoundsViewController.swift */ = {isa = PBXFileReference; fileEncoding = 4; lastKnownFileType = sourcecode.swift; path = PlaySoundsViewController.swift; sourceTree = "<group>"; };
		FAEA00F51D8036D700F49E42 /* PlaySoundsViewController+Audio.swift */ = {isa = PBXFileReference; fileEncoding = 4; lastKnownFileType = sourcecode.swift; path = "PlaySoundsViewController+Audio.swift"; sourceTree = "<group>"; };
/* End PBXFileReference section */

/* Begin PBXFrameworksBuildPhase section */
		FAEA00DB1D80271500F49E42 /* Frameworks */ = {
			isa = PBXFrameworksBuildPhase;
			buildActionMask = 2147483647;
			files = (
			);
			runOnlyForDeploymentPostprocessing = 0;
		};
/* End PBXFrameworksBuildPhase section */

/* Begin PBXGroup section */
		FAEA00D51D80271500F49E42 = {
			isa = PBXGroup;
			children = (
				FAEA00E01D80271500F49E42 /* Pitchify */,
				FAEA00DF1D80271500F49E42 /* Products */,
			);
			sourceTree = "<group>";
		};
		FAEA00DF1D80271500F49E42 /* Products */ = {
			isa = PBXGroup;
			children = (
				FAEA00DE1D80271500F49E42 /* Pitchify.app */,
			);
			name = Products;
			sourceTree = "<group>";
		};
		FAEA00E01D80271500F49E42 /* Pitchify */ = {
			isa = PBXGroup;
			children = (
				FAEA00E11D80271500F49E42 /* AppDelegate.swift */,
				FAEA00E31D80271500F49E42 /* RecordAudioViewController.swift */,
				FAEA00F31D802A5800F49E42 /* PlaySoundsViewController.swift */,
				FAEA00F51D8036D700F49E42 /* PlaySoundsViewController+Audio.swift */,
				FAEA00E51D80271500F49E42 /* Main.storyboard */,
				FAEA00E81D80271500F49E42 /* Assets.xcassets */,
				FAEA00EA1D80271500F49E42 /* LaunchScreen.storyboard */,
				FAEA00ED1D80271500F49E42 /* Info.plist */,
			);
			path = Pitchify;
			sourceTree = "<group>";
		};
/* End PBXGroup section */

/* Begin PBXNativeTarget section */
		FAEA00DD1D80271500F49E42 /* Pitchify */ = {
			isa = PBXNativeTarget;
			buildConfigurationList = FAEA00F01D80271500F49E42 /* Build configuration list for PBXNativeTarget "Pitchify" */;
			buildPhases = (
				FAEA00DA1D80271500F49E42 /* Sources */,
				FAEA00DB1D80271500F49E42 /* Frameworks */,
				FAEA00DC1D80271500F49E42 /* Resources */,
			);
			buildRules = (
			);
			dependencies = (
			);
			name = Pitchify;
			productName = Pitchify;
			productReference = FAEA00DE1D80271500F49E42 /* Pitchify.app */;
			productType = "com.apple.product-type.application";
		};
/* End PBXNativeTarget section */

/* Begin PBXProject section */
		FAEA00D61D80271500F49E42 /* Project object */ = {
			isa = PBXProject;
			attributes = {
				LastSwiftUpdateCheck = 0730;
				LastUpgradeCheck = 0730;
				ORGANIZATIONNAME = "Chashmeet Singh";
				TargetAttributes = {
					FAEA00DD1D80271500F49E42 = {
						CreatedOnToolsVersion = 7.3.1;
					};
				};
			};
			buildConfigurationList = FAEA00D91D80271500F49E42 /* Build configuration list for PBXProject "Pitchify" */;
			compatibilityVersion = "Xcode 3.2";
			developmentRegion = English;
			hasScannedForEncodings = 0;
			knownRegions = (
				en,
				Base,
			);
			mainGroup = FAEA00D51D80271500F49E42;
			productRefGroup = FAEA00DF1D80271500F49E42 /* Products */;
			projectDirPath = "";
			projectRoot = "";
			targets = (
				FAEA00DD1D80271500F49E42 /* Pitchify */,
			);
		};
/* End PBXProject section */

/* Begin PBXResourcesBuildPhase section */
		FAEA00DC1D80271500F49E42 /* Resources */ = {
			isa = PBXResourcesBuildPhase;
			buildActionMask = 2147483647;
			files = (
				FAEA00EC1D80271500F49E42 /* LaunchScreen.storyboard in Resources */,
				FAEA00E91D80271500F49E42 /* Assets.xcassets in Resources */,
				FAEA00E71D80271500F49E42 /* Main.storyboard in Resources */,
			);
			runOnlyForDeploymentPostprocessing = 0;
		};
/* End PBXResourcesBuildPhase section */

/* Begin PBXSourcesBuildPhase section */
		FAEA00DA1D80271500F49E42 /* Sources */ = {
			isa = PBXSourcesBuildPhase;
			buildActionMask = 2147483647;
			files = (
				FAEA00E41D80271500F49E42 /* RecordAudioViewController.swift in Sources */,
				FAEA00F61D8036D700F49E42 /* PlaySoundsViewController+Audio.swift in Sources */,
				FAEA00F41D802A5800F49E42 /* PlaySoundsViewController.swift in Sources */,
				FAEA00E21D80271500F49E42 /* AppDelegate.swift in Sources */,
			);
			runOnlyForDeploymentPostprocessing = 0;
		};
/* End PBXSourcesBuildPhase section */

/* Begin PBXVariantGroup section */
		FAEA00E51D80271500F49E42 /* Main.storyboard */ = {
			isa = PBXVariantGroup;
			children = (
				FAEA00E61D80271500F49E42 /* Base */,
			);
			name = Main.storyboard;
			sourceTree = "<group>";
		};
		FAEA00EA1D80271500F49E42 /* LaunchScreen.storyboard */ = {
			isa = PBXVariantGroup;
			children = (
				FAEA00EB1D80271500F49E42 /* Base */,
			);
			name = LaunchScreen.storyboard;
			sourceTree = "<group>";
		};
/* End PBXVariantGroup section */

/* Begin XCBuildConfiguration section */
		FAEA00EE1D80271500F49E42 /* Debug */ = {
			isa = XCBuildConfiguration;
			buildSettings = {
				ALWAYS_SEARCH_USER_PATHS = NO;
				CLANG_ANALYZER_NONNULL = YES;
				CLANG_CXX_LANGUAGE_STANDARD = "gnu++0x";
				CLANG_CXX_LIBRARY = "libc++";
				CLANG_ENABLE_MODULES = YES;
				CLANG_ENABLE_OBJC_ARC = YES;
				CLANG_WARN_BOOL_CONVERSION = YES;
				CLANG_WARN_CONSTANT_CONVERSION = YES;
				CLANG_WARN_DIRECT_OBJC_ISA_USAGE = YES_ERROR;
				CLANG_WARN_EMPTY_BODY = YES;
				CLANG_WARN_ENUM_CONVERSION = YES;
				CLANG_WARN_INT_CONVERSION = YES;
				CLANG_WARN_OBJC_ROOT_CLASS = YES_ERROR;
				CLANG_WARN_UNREACHABLE_CODE = YES;
				CLANG_WARN__DUPLICATE_METHOD_MATCH = YES;
				"CODE_SIGN_IDENTITY[sdk=iphoneos*]" = "iPhone Developer";
				COPY_PHASE_STRIP = NO;
				DEBUG_INFORMATION_FORMAT = dwarf;
				ENABLE_STRICT_OBJC_MSGSEND = YES;
				ENABLE_TESTABILITY = YES;
				GCC_C_LANGUAGE_STANDARD = gnu99;
				GCC_DYNAMIC_NO_PIC = NO;
				GCC_NO_COMMON_BLOCKS = YES;
				GCC_OPTIMIZATION_LEVEL = 0;
				GCC_PREPROCESSOR_DEFINITIONS = (
					"DEBUG=1",
					"$(inherited)",
				);
				GCC_WARN_64_TO_32_BIT_CONVERSION = YES;
				GCC_WARN_ABOUT_RETURN_TYPE = YES_ERROR;
				GCC_WARN_UNDECLARED_SELECTOR = YES;
				GCC_WARN_UNINITIALIZED_AUTOS = YES_AGGRESSIVE;
				GCC_WARN_UNUSED_FUNCTION = YES;
				GCC_WARN_UNUSED_VARIABLE = YES;
				IPHONEOS_DEPLOYMENT_TARGET = 9.3;
				MTL_ENABLE_DEBUG_INFO = YES;
				ONLY_ACTIVE_ARCH = YES;
				SDKROOT = iphoneos;
				SWIFT_OPTIMIZATION_LEVEL = "-Onone";
			};
			name = Debug;
		};
		FAEA00EF1D80271500F49E42 /* Release */ = {
			isa = XCBuildConfiguration;
			buildSettings = {
				ALWAYS_SEARCH_USER_PATHS = NO;
				CLANG_ANALYZER_NONNULL = YES;
				CLANG_CXX_LANGUAGE_STANDARD = "gnu++0x";
				CLANG_CXX_LIBRARY = "libc++";
				CLANG_ENABLE_MODULES = YES;
				CLANG_ENABLE_OBJC_ARC = YES;
				CLANG_WARN_BOOL_CONVERSION = YES;
				CLANG_WARN_CONSTANT_CONVERSION = YES;
				CLANG_WARN_DIRECT_OBJC_ISA_USAGE = YES_ERROR;
				CLANG_WARN_EMPTY_BODY = YES;
				CLANG_WARN_ENUM_CONVERSION = YES;
				CLANG_WARN_INT_CONVERSION = YES;
				CLANG_WARN_OBJC_ROOT_CLASS = YES_ERROR;
				CLANG_WARN_UNREACHABLE_CODE = YES;
				CLANG_WARN__DUPLICATE_METHOD_MATCH = YES;
				"CODE_SIGN_IDENTITY[sdk=iphoneos*]" = "iPhone Developer";
				COPY_PHASE_STRIP = NO;
				DEBUG_INFORMATION_FORMAT = "dwarf-with-dsym";
				ENABLE_NS_ASSERTIONS = NO;
				ENABLE_STRICT_OBJC_MSGSEND = YES;
				GCC_C_LANGUAGE_STANDARD = gnu99;
				GCC_NO_COMMON_BLOCKS = YES;
				GCC_WARN_64_TO_32_BIT_CONVERSION = YES;
				GCC_WARN_ABOUT_RETURN_TYPE = YES_ERROR;
				GCC_WARN_UNDECLARED_SELECTOR = YES;
				GCC_WARN_UNINITIALIZED_AUTOS = YES_AGGRESSIVE;
				GCC_WARN_UNUSED_FUNCTION = YES;
				GCC_WARN_UNUSED_VARIABLE = YES;
				IPHONEOS_DEPLOYMENT_TARGET = 9.3;
				MTL_ENABLE_DEBUG_INFO = NO;
				SDKROOT = iphoneos;
				VALIDATE_PRODUCT = YES;
			};
			name = Release;
		};
		FAEA00F11D80271500F49E42 /* Debug */ = {
			isa = XCBuildConfiguration;
			buildSettings = {
				ASSETCATALOG_COMPILER_APPICON_NAME = AppIcon;
				INFOPLIST_FILE = Pitchify/Info.plist;
				LD_RUNPATH_SEARCH_PATHS = "$(inherited) @executable_path/Frameworks";
				PRODUCT_BUNDLE_IDENTIFIER = com.singh.chashmeet.Pitchify;
				PRODUCT_NAME = "$(TARGET_NAME)";
			};
			name = Debug;
		};
		FAEA00F21D80271500F49E42 /* Release */ = {
			isa = XCBuildConfiguration;
			buildSettings = {
				ASSETCATALOG_COMPILER_APPICON_NAME = AppIcon;
				INFOPLIST_FILE = Pitchify/Info.plist;
				LD_RUNPATH_SEARCH_PATHS = "$(inherited) @executable_path/Frameworks";
				PRODUCT_BUNDLE_IDENTIFIER = com.singh.chashmeet.Pitchify;
				PRODUCT_NAME = "$(TARGET_NAME)";
			};
			name = Release;
		};
/* End XCBuildConfiguration section */

/* Begin XCConfigurationList section */
		FAEA00D91D80271500F49E42 /* Build configuration list for PBXProject "Pitchify" */ = {
			isa = XCConfigurationList;
			buildConfigurations = (
				FAEA00EE1D80271500F49E42 /* Debug */,
				FAEA00EF1D80271500F49E42 /* Release */,
			);
			defaultConfigurationIsVisible = 0;
			defaultConfigurationName = Release;
		};
		FAEA00F01D80271500F49E42 /* Build configuration list for PBXNativeTarget "Pitchify" */ = {
			isa = XCConfigurationList;
			buildConfigurations = (
				FAEA00F11D80271500F49E42 /* Debug */,
				FAEA00F21D80271500F49E42 /* Release */,
			);
			defaultConfigurationIsVisible = 0;
			defaultConfigurationName = Release;
		};
/* End XCConfigurationList section */
	};
	rootObject = FAEA00D61D80271500F49E42 /* Project object */;
}
